// !$*UTF8*$!
{
	archiveVersion = 1;
	classes = {
	};
	objectVersion = 56;
	objects = {

/* Begin PBXBuildFile section */
		36A07D642C3F96B900EC4B31 /* AppDelegate.swift in Sources */ = {isa = PBXBuildFile; fileRef = 36A07D632C3F96B900EC4B31 /* AppDelegate.swift */; };
		36A07D662C3F96B900EC4B31 /* SceneDelegate.swift in Sources */ = {isa = PBXBuildFile; fileRef = 36A07D652C3F96B900EC4B31 /* SceneDelegate.swift */; };
		36A07D682C3F96B900EC4B31 /* ViewController.swift in Sources */ = {isa = PBXBuildFile; fileRef = 36A07D672C3F96B900EC4B31 /* ViewController.swift */; };
		36A07D6B2C3F96B900EC4B31 /* Base in Resources */ = {isa = PBXBuildFile; fileRef = 36A07D6A2C3F96B900EC4B31 /* Base */; };
		36A07D6D2C3F96BC00EC4B31 /* Assets.xcassets in Resources */ = {isa = PBXBuildFile; fileRef = 36A07D6C2C3F96BC00EC4B31 /* Assets.xcassets */; };
		36A07D702C3F96BC00EC4B31 /* Base in Resources */ = {isa = PBXBuildFile; fileRef = 36A07D6F2C3F96BC00EC4B31 /* Base */; };
		36A07D7B2C3F96BD00EC4B31 /* PinFlexLayoutExampleTests.swift in Sources */ = {isa = PBXBuildFile; fileRef = 36A07D7A2C3F96BD00EC4B31 /* PinFlexLayoutExampleTests.swift */; };
		36A07D852C3F96BD00EC4B31 /* PinFlexLayoutExampleUITests.swift in Sources */ = {isa = PBXBuildFile; fileRef = 36A07D842C3F96BD00EC4B31 /* PinFlexLayoutExampleUITests.swift */; };
		36A07D872C3F96BD00EC4B31 /* PinFlexLayoutExampleUITestsLaunchTests.swift in Sources */ = {isa = PBXBuildFile; fileRef = 36A07D862C3F96BD00EC4B31 /* PinFlexLayoutExampleUITestsLaunchTests.swift */; };
/* End PBXBuildFile section */

/* Begin PBXContainerItemProxy section */
		36A07D772C3F96BC00EC4B31 /* PBXContainerItemProxy */ = {
			isa = PBXContainerItemProxy;
			containerPortal = 36A07D582C3F96B900EC4B31 /* Project object */;
			proxyType = 1;
			remoteGlobalIDString = 36A07D5F2C3F96B900EC4B31;
			remoteInfo = PinFlexLayoutExample;
		};
		36A07D812C3F96BD00EC4B31 /* PBXContainerItemProxy */ = {
			isa = PBXContainerItemProxy;
			containerPortal = 36A07D582C3F96B900EC4B31 /* Project object */;
			proxyType = 1;
			remoteGlobalIDString = 36A07D5F2C3F96B900EC4B31;
			remoteInfo = PinFlexLayoutExample;
		};
/* End PBXContainerItemProxy section */

/* Begin PBXFileReference section */
		36A07D602C3F96B900EC4B31 /* PinFlexLayoutExample.app */ = {isa = PBXFileReference; explicitFileType = wrapper.application; includeInIndex = 0; path = PinFlexLayoutExample.app; sourceTree = BUILT_PRODUCTS_DIR; };
		36A07D632C3F96B900EC4B31 /* AppDelegate.swift */ = {isa = PBXFileReference; lastKnownFileType = sourcecode.swift; path = AppDelegate.swift; sourceTree = "<group>"; };
		36A07D652C3F96B900EC4B31 /* SceneDelegate.swift */ = {isa = PBXFileReference; lastKnownFileType = sourcecode.swift; path = SceneDelegate.swift; sourceTree = "<group>"; };
		36A07D672C3F96B900EC4B31 /* ViewController.swift */ = {isa = PBXFileReference; lastKnownFileType = sourcecode.swift; path = ViewController.swift; sourceTree = "<group>"; };
		36A07D6A2C3F96B900EC4B31 /* Base */ = {isa = PBXFileReference; lastKnownFileType = file.storyboard; name = Base; path = Base.lproj/Main.storyboard; sourceTree = "<group>"; };
		36A07D6C2C3F96BC00EC4B31 /* Assets.xcassets */ = {isa = PBXFileReference; lastKnownFileType = folder.assetcatalog; path = Assets.xcassets; sourceTree = "<group>"; };
		36A07D6F2C3F96BC00EC4B31 /* Base */ = {isa = PBXFileReference; lastKnownFileType = file.storyboard; name = Base; path = Base.lproj/LaunchScreen.storyboard; sourceTree = "<group>"; };
		36A07D712C3F96BC00EC4B31 /* Info.plist */ = {isa = PBXFileReference; lastKnownFileType = text.plist.xml; path = Info.plist; sourceTree = "<group>"; };
		36A07D762C3F96BC00EC4B31 /* PinFlexLayoutExampleTests.xctest */ = {isa = PBXFileReference; explicitFileType = wrapper.cfbundle; includeInIndex = 0; path = PinFlexLayoutExampleTests.xctest; sourceTree = BUILT_PRODUCTS_DIR; };
		36A07D7A2C3F96BD00EC4B31 /* PinFlexLayoutExampleTests.swift */ = {isa = PBXFileReference; lastKnownFileType = sourcecode.swift; path = PinFlexLayoutExampleTests.swift; sourceTree = "<group>"; };
		36A07D802C3F96BD00EC4B31 /* PinFlexLayoutExampleUITests.xctest */ = {isa = PBXFileReference; explicitFileType = wrapper.cfbundle; includeInIndex = 0; path = PinFlexLayoutExampleUITests.xctest; sourceTree = BUILT_PRODUCTS_DIR; };
		36A07D842C3F96BD00EC4B31 /* PinFlexLayoutExampleUITests.swift */ = {isa = PBXFileReference; lastKnownFileType = sourcecode.swift; path = PinFlexLayoutExampleUITests.swift; sourceTree = "<group>"; };
		36A07D862C3F96BD00EC4B31 /* PinFlexLayoutExampleUITestsLaunchTests.swift */ = {isa = PBXFileReference; lastKnownFileType = sourcecode.swift; path = PinFlexLayoutExampleUITestsLaunchTests.swift; sourceTree = "<group>"; };
/* End PBXFileReference section */

/* Begin PBXFrameworksBuildPhase section */
		36A07D5D2C3F96B900EC4B31 /* Frameworks */ = {
			isa = PBXFrameworksBuildPhase;
			buildActionMask = 2147483647;
			files = (
			);
			runOnlyForDeploymentPostprocessing = 0;
		};
		36A07D732C3F96BC00EC4B31 /* Frameworks */ = {
			isa = PBXFrameworksBuildPhase;
			buildActionMask = 2147483647;
			files = (
			);
			runOnlyForDeploymentPostprocessing = 0;
		};
		36A07D7D2C3F96BD00EC4B31 /* Frameworks */ = {
			isa = PBXFrameworksBuildPhase;
			buildActionMask = 2147483647;
			files = (
			);
			runOnlyForDeploymentPostprocessing = 0;
		};
/* End PBXFrameworksBuildPhase section */

/* Begin PBXGroup section */
		36A07D572C3F96B900EC4B31 = {
			isa = PBXGroup;
			children = (
				36A07D622C3F96B900EC4B31 /* PinFlexLayoutExample */,
				36A07D792C3F96BC00EC4B31 /* PinFlexLayoutExampleTests */,
				36A07D832C3F96BD00EC4B31 /* PinFlexLayoutExampleUITests */,
				36A07D612C3F96B900EC4B31 /* Products */,
			);
			sourceTree = "<group>";
		};
		36A07D612C3F96B900EC4B31 /* Products */ = {
			isa = PBXGroup;
			children = (
				36A07D602C3F96B900EC4B31 /* PinFlexLayoutExample.app */,
				36A07D762C3F96BC00EC4B31 /* PinFlexLayoutExampleTests.xctest */,
				36A07D802C3F96BD00EC4B31 /* PinFlexLayoutExampleUITests.xctest */,
			);
			name = Products;
			sourceTree = "<group>";
		};
		36A07D622C3F96B900EC4B31 /* PinFlexLayoutExample */ = {
			isa = PBXGroup;
			children = (
				36A07D632C3F96B900EC4B31 /* AppDelegate.swift */,
				36A07D652C3F96B900EC4B31 /* SceneDelegate.swift */,
				36A07D672C3F96B900EC4B31 /* ViewController.swift */,
				36A07D692C3F96B900EC4B31 /* Main.storyboard */,
				36A07D6C2C3F96BC00EC4B31 /* Assets.xcassets */,
				36A07D6E2C3F96BC00EC4B31 /* LaunchScreen.storyboard */,
				36A07D712C3F96BC00EC4B31 /* Info.plist */,
			);
			path = PinFlexLayoutExample;
			sourceTree = "<group>";
		};
		36A07D792C3F96BC00EC4B31 /* PinFlexLayoutExampleTests */ = {
			isa = PBXGroup;
			children = (
				36A07D7A2C3F96BD00EC4B31 /* PinFlexLayoutExampleTests.swift */,
			);
			path = PinFlexLayoutExampleTests;
			sourceTree = "<group>";
		};
		36A07D832C3F96BD00EC4B31 /* PinFlexLayoutExampleUITests */ = {
			isa = PBXGroup;
			children = (
				36A07D842C3F96BD00EC4B31 /* PinFlexLayoutExampleUITests.swift */,
				36A07D862C3F96BD00EC4B31 /* PinFlexLayoutExampleUITestsLaunchTests.swift */,
			);
			path = PinFlexLayoutExampleUITests;
			sourceTree = "<group>";
		};
/* End PBXGroup section */

/* Begin PBXNativeTarget section */
		36A07D5F2C3F96B900EC4B31 /* PinFlexLayoutExample */ = {
			isa = PBXNativeTarget;
			buildConfigurationList = 36A07D8A2C3F96BD00EC4B31 /* Build configuration list for PBXNativeTarget "PinFlexLayoutExample" */;
			buildPhases = (
				36A07D5C2C3F96B900EC4B31 /* Sources */,
				36A07D5D2C3F96B900EC4B31 /* Frameworks */,
				36A07D5E2C3F96B900EC4B31 /* Resources */,
			);
			buildRules = (
			);
			dependencies = (
			);
			name = PinFlexLayoutExample;
			productName = PinFlexLayoutExample;
			productReference = 36A07D602C3F96B900EC4B31 /* PinFlexLayoutExample.app */;
			productType = "com.apple.product-type.application";
		};
		36A07D752C3F96BC00EC4B31 /* PinFlexLayoutExampleTests */ = {
			isa = PBXNativeTarget;
			buildConfigurationList = 36A07D8D2C3F96BD00EC4B31 /* Build configuration list for PBXNativeTarget "PinFlexLayoutExampleTests" */;
			buildPhases = (
				36A07D722C3F96BC00EC4B31 /* Sources */,
				36A07D732C3F96BC00EC4B31 /* Frameworks */,
				36A07D742C3F96BC00EC4B31 /* Resources */,
			);
			buildRules = (
			);
			dependencies = (
				36A07D782C3F96BC00EC4B31 /* PBXTargetDependency */,
			);
			name = PinFlexLayoutExampleTests;
			productName = PinFlexLayoutExampleTests;
			productReference = 36A07D762C3F96BC00EC4B31 /* PinFlexLayoutExampleTests.xctest */;
			productType = "com.apple.product-type.bundle.unit-test";
		};
		36A07D7F2C3F96BD00EC4B31 /* PinFlexLayoutExampleUITests */ = {
			isa = PBXNativeTarget;
			buildConfigurationList = 36A07D902C3F96BD00EC4B31 /* Build configuration list for PBXNativeTarget "PinFlexLayoutExampleUITests" */;
			buildPhases = (
				36A07D7C2C3F96BD00EC4B31 /* Sources */,
				36A07D7D2C3F96BD00EC4B31 /* Frameworks */,
				36A07D7E2C3F96BD00EC4B31 /* Resources */,
			);
			buildRules = (
			);
			dependencies = (
				36A07D822C3F96BD00EC4B31 /* PBXTargetDependency */,
			);
			name = PinFlexLayoutExampleUITests;
			productName = PinFlexLayoutExampleUITests;
			productReference = 36A07D802C3F96BD00EC4B31 /* PinFlexLayoutExampleUITests.xctest */;
			productType = "com.apple.product-type.bundle.ui-testing";
		};
/* End PBXNativeTarget section */

/* Begin PBXProject section */
		36A07D582C3F96B900EC4B31 /* Project object */ = {
			isa = PBXProject;
			attributes = {
				BuildIndependentTargetsInParallel = 1;
				LastSwiftUpdateCheck = 1530;
				LastUpgradeCheck = 1530;
				TargetAttributes = {
					36A07D5F2C3F96B900EC4B31 = {
						CreatedOnToolsVersion = 15.3;
					};
					36A07D752C3F96BC00EC4B31 = {
						CreatedOnToolsVersion = 15.3;
						TestTargetID = 36A07D5F2C3F96B900EC4B31;
					};
					36A07D7F2C3F96BD00EC4B31 = {
						CreatedOnToolsVersion = 15.3;
						TestTargetID = 36A07D5F2C3F96B900EC4B31;
					};
				};
			};
			buildConfigurationList = 36A07D5B2C3F96B900EC4B31 /* Build configuration list for PBXProject "PinFlexLayoutExample" */;
			compatibilityVersion = "Xcode 14.0";
			developmentRegion = en;
			hasScannedForEncodings = 0;
			knownRegions = (
				en,
				Base,
			);
			mainGroup = 36A07D572C3F96B900EC4B31;
			productRefGroup = 36A07D612C3F96B900EC4B31 /* Products */;
			projectDirPath = "";
			projectRoot = "";
			targets = (
				36A07D5F2C3F96B900EC4B31 /* PinFlexLayoutExample */,
				36A07D752C3F96BC00EC4B31 /* PinFlexLayoutExampleTests */,
				36A07D7F2C3F96BD00EC4B31 /* PinFlexLayoutExampleUITests */,
			);
		};
/* End PBXProject section */

/* Begin PBXResourcesBuildPhase section */
		36A07D5E2C3F96B900EC4B31 /* Resources */ = {
			isa = PBXResourcesBuildPhase;
			buildActionMask = 2147483647;
			files = (
				36A07D6D2C3F96BC00EC4B31 /* Assets.xcassets in Resources */,
				36A07D702C3F96BC00EC4B31 /* Base in Resources */,
				36A07D6B2C3F96B900EC4B31 /* Base in Resources */,
			);
			runOnlyForDeploymentPostprocessing = 0;
		};
		36A07D742C3F96BC00EC4B31 /* Resources */ = {
			isa = PBXResourcesBuildPhase;
			buildActionMask = 2147483647;
			files = (
			);
			runOnlyForDeploymentPostprocessing = 0;
		};
		36A07D7E2C3F96BD00EC4B31 /* Resources */ = {
			isa = PBXResourcesBuildPhase;
			buildActionMask = 2147483647;
			files = (
			);
			runOnlyForDeploymentPostprocessing = 0;
		};
/* End PBXResourcesBuildPhase section */

/* Begin PBXSourcesBuildPhase section */
		36A07D5C2C3F96B900EC4B31 /* Sources */ = {
			isa = PBXSourcesBuildPhase;
			buildActionMask = 2147483647;
			files = (
				36A07D682C3F96B900EC4B31 /* ViewController.swift in Sources */,
				36A07D642C3F96B900EC4B31 /* AppDelegate.swift in Sources */,
				36A07D662C3F96B900EC4B31 /* SceneDelegate.swift in Sources */,
			);
			runOnlyForDeploymentPostprocessing = 0;
		};
		36A07D722C3F96BC00EC4B31 /* Sources */ = {
			isa = PBXSourcesBuildPhase;
			buildActionMask = 2147483647;
			files = (
				36A07D7B2C3F96BD00EC4B31 /* PinFlexLayoutExampleTests.swift in Sources */,
			);
			runOnlyForDeploymentPostprocessing = 0;
		};
		36A07D7C2C3F96BD00EC4B31 /* Sources */ = {
			isa = PBXSourcesBuildPhase;
			buildActionMask = 2147483647;
			files = (
				36A07D872C3F96BD00EC4B31 /* PinFlexLayoutExampleUITestsLaunchTests.swift in Sources */,
				36A07D852C3F96BD00EC4B31 /* PinFlexLayoutExampleUITests.swift in Sources */,
			);
			runOnlyForDeploymentPostprocessing = 0;
		};
/* End PBXSourcesBuildPhase section */

/* Begin PBXTargetDependency section */
		36A07D782C3F96BC00EC4B31 /* PBXTargetDependency */ = {
			isa = PBXTargetDependency;
			target = 36A07D5F2C3F96B900EC4B31 /* PinFlexLayoutExample */;
			targetProxy = 36A07D772C3F96BC00EC4B31 /* PBXContainerItemProxy */;
		};
		36A07D822C3F96BD00EC4B31 /* PBXTargetDependency */ = {
			isa = PBXTargetDependency;
			target = 36A07D5F2C3F96B900EC4B31 /* PinFlexLayoutExample */;
			targetProxy = 36A07D812C3F96BD00EC4B31 /* PBXContainerItemProxy */;
		};
/* End PBXTargetDependency section */

/* Begin PBXVariantGroup section */
		36A07D692C3F96B900EC4B31 /* Main.storyboard */ = {
			isa = PBXVariantGroup;
			children = (
				36A07D6A2C3F96B900EC4B31 /* Base */,
			);
			name = Main.storyboard;
			sourceTree = "<group>";
		};
		36A07D6E2C3F96BC00EC4B31 /* LaunchScreen.storyboard */ = {
			isa = PBXVariantGroup;
			children = (
				36A07D6F2C3F96BC00EC4B31 /* Base */,
			);
			name = LaunchScreen.storyboard;
			sourceTree = "<group>";
		};
/* End PBXVariantGroup section */

/* Begin XCBuildConfiguration section */
		36A07D882C3F96BD00EC4B31 /* Debug */ = {
			isa = XCBuildConfiguration;
			buildSettings = {
				ALWAYS_SEARCH_USER_PATHS = NO;
				ASSETCATALOG_COMPILER_GENERATE_SWIFT_ASSET_SYMBOL_EXTENSIONS = YES;
				CLANG_ANALYZER_NONNULL = YES;
				CLANG_ANALYZER_NUMBER_OBJECT_CONVERSION = YES_AGGRESSIVE;
				CLANG_CXX_LANGUAGE_STANDARD = "gnu++20";
				CLANG_ENABLE_MODULES = YES;
				CLANG_ENABLE_OBJC_ARC = YES;
				CLANG_ENABLE_OBJC_WEAK = YES;
				CLANG_WARN_BLOCK_CAPTURE_AUTORELEASING = YES;
				CLANG_WARN_BOOL_CONVERSION = YES;
				CLANG_WARN_COMMA = YES;
				CLANG_WARN_CONSTANT_CONVERSION = YES;
				CLANG_WARN_DEPRECATED_OBJC_IMPLEMENTATIONS = YES;
				CLANG_WARN_DIRECT_OBJC_ISA_USAGE = YES_ERROR;
				CLANG_WARN_DOCUMENTATION_COMMENTS = YES;
				CLANG_WARN_EMPTY_BODY = YES;
				CLANG_WARN_ENUM_CONVERSION = YES;
				CLANG_WARN_INFINITE_RECURSION = YES;
				CLANG_WARN_INT_CONVERSION = YES;
				CLANG_WARN_NON_LITERAL_NULL_CONVERSION = YES;
				CLANG_WARN_OBJC_IMPLICIT_RETAIN_SELF = YES;
				CLANG_WARN_OBJC_LITERAL_CONVERSION = YES;
				CLANG_WARN_OBJC_ROOT_CLASS = YES_ERROR;
				CLANG_WARN_QUOTED_INCLUDE_IN_FRAMEWORK_HEADER = YES;
				CLANG_WARN_RANGE_LOOP_ANALYSIS = YES;
				CLANG_WARN_STRICT_PROTOTYPES = YES;
				CLANG_WARN_SUSPICIOUS_MOVE = YES;
				CLANG_WARN_UNGUARDED_AVAILABILITY = YES_AGGRESSIVE;
				CLANG_WARN_UNREACHABLE_CODE = YES;
				CLANG_WARN__DUPLICATE_METHOD_MATCH = YES;
				COPY_PHASE_STRIP = NO;
				DEBUG_INFORMATION_FORMAT = dwarf;
				ENABLE_STRICT_OBJC_MSGSEND = YES;
				ENABLE_TESTABILITY = YES;
				ENABLE_USER_SCRIPT_SANDBOXING = YES;
				GCC_C_LANGUAGE_STANDARD = gnu17;
				GCC_DYNAMIC_NO_PIC = NO;
				GCC_NO_COMMON_BLOCKS = YES;
				GCC_OPTIMIZATION_LEVEL = 0;
				GCC_PREPROCESSOR_DEFINITIONS = (
					"DEBUG=1",
					"$(inherited)",
				);
				GCC_WARN_64_TO_32_BIT_CONVERSION = YES;
				GCC_WARN_ABOUT_RETURN_TYPE = YES_ERROR;
				GCC_WARN_UNDECLARED_SELECTOR = YES;
				GCC_WARN_UNINITIALIZED_AUTOS = YES_AGGRESSIVE;
				GCC_WARN_UNUSED_FUNCTION = YES;
				GCC_WARN_UNUSED_VARIABLE = YES;
				IPHONEOS_DEPLOYMENT_TARGET = 17.4;
				LOCALIZATION_PREFERS_STRING_CATALOGS = YES;
				MTL_ENABLE_DEBUG_INFO = INCLUDE_SOURCE;
				MTL_FAST_MATH = YES;
				ONLY_ACTIVE_ARCH = YES;
				SDKROOT = iphoneos;
				SWIFT_ACTIVE_COMPILATION_CONDITIONS = "DEBUG $(inherited)";
				SWIFT_OPTIMIZATION_LEVEL = "-Onone";
			};
			name = Debug;
		};
		36A07D892C3F96BD00EC4B31 /* Release */ = {
			isa = XCBuildConfiguration;
			buildSettings = {
				ALWAYS_SEARCH_USER_PATHS = NO;
				ASSETCATALOG_COMPILER_GENERATE_SWIFT_ASSET_SYMBOL_EXTENSIONS = YES;
				CLANG_ANALYZER_NONNULL = YES;
				CLANG_ANALYZER_NUMBER_OBJECT_CONVERSION = YES_AGGRESSIVE;
				CLANG_CXX_LANGUAGE_STANDARD = "gnu++20";
				CLANG_ENABLE_MODULES = YES;
				CLANG_ENABLE_OBJC_ARC = YES;
				CLANG_ENABLE_OBJC_WEAK = YES;
				CLANG_WARN_BLOCK_CAPTURE_AUTORELEASING = YES;
				CLANG_WARN_BOOL_CONVERSION = YES;
				CLANG_WARN_COMMA = YES;
				CLANG_WARN_CONSTANT_CONVERSION = YES;
				CLANG_WARN_DEPRECATED_OBJC_IMPLEMENTATIONS = YES;
				CLANG_WARN_DIRECT_OBJC_ISA_USAGE = YES_ERROR;
				CLANG_WARN_DOCUMENTATION_COMMENTS = YES;
				CLANG_WARN_EMPTY_BODY = YES;
				CLANG_WARN_ENUM_CONVERSION = YES;
				CLANG_WARN_INFINITE_RECURSION = YES;
				CLANG_WARN_INT_CONVERSION = YES;
				CLANG_WARN_NON_LITERAL_NULL_CONVERSION = YES;
				CLANG_WARN_OBJC_IMPLICIT_RETAIN_SELF = YES;
				CLANG_WARN_OBJC_LITERAL_CONVERSION = YES;
				CLANG_WARN_OBJC_ROOT_CLASS = YES_ERROR;
				CLANG_WARN_QUOTED_INCLUDE_IN_FRAMEWORK_HEADER = YES;
				CLANG_WARN_RANGE_LOOP_ANALYSIS = YES;
				CLANG_WARN_STRICT_PROTOTYPES = YES;
				CLANG_WARN_SUSPICIOUS_MOVE = YES;
				CLANG_WARN_UNGUARDED_AVAILABILITY = YES_AGGRESSIVE;
				CLANG_WARN_UNREACHABLE_CODE = YES;
				CLANG_WARN__DUPLICATE_METHOD_MATCH = YES;
				COPY_PHASE_STRIP = NO;
				DEBUG_INFORMATION_FORMAT = "dwarf-with-dsym";
				ENABLE_NS_ASSERTIONS = NO;
				ENABLE_STRICT_OBJC_MSGSEND = YES;
				ENABLE_USER_SCRIPT_SANDBOXING = YES;
				GCC_C_LANGUAGE_STANDARD = gnu17;
				GCC_NO_COMMON_BLOCKS = YES;
				GCC_WARN_64_TO_32_BIT_CONVERSION = YES;
				GCC_WARN_ABOUT_RETURN_TYPE = YES_ERROR;
				GCC_WARN_UNDECLARED_SELECTOR = YES;
				GCC_WARN_UNINITIALIZED_AUTOS = YES_AGGRESSIVE;
				GCC_WARN_UNUSED_FUNCTION = YES;
				GCC_WARN_UNUSED_VARIABLE = YES;
				IPHONEOS_DEPLOYMENT_TARGET = 17.4;
				LOCALIZATION_PREFERS_STRING_CATALOGS = YES;
				MTL_ENABLE_DEBUG_INFO = NO;
				MTL_FAST_MATH = YES;
				SDKROOT = iphoneos;
				SWIFT_COMPILATION_MODE = wholemodule;
				VALIDATE_PRODUCT = YES;
			};
			name = Release;
		};
		36A07D8B2C3F96BD00EC4B31 /* Debug */ = {
			isa = XCBuildConfiguration;
			buildSettings = {
				ASSETCATALOG_COMPILER_APPICON_NAME = AppIcon;
				ASSETCATALOG_COMPILER_GLOBAL_ACCENT_COLOR_NAME = AccentColor;
				CODE_SIGN_STYLE = Automatic;
				CURRENT_PROJECT_VERSION = 1;
				DEVELOPMENT_TEAM = L8AX56G69N;
				GENERATE_INFOPLIST_FILE = YES;
				INFOPLIST_FILE = PinFlexLayoutExample/Info.plist;
				INFOPLIST_KEY_UIApplicationSupportsIndirectInputEvents = YES;
				INFOPLIST_KEY_UILaunchStoryboardName = LaunchScreen;
				INFOPLIST_KEY_UIMainStoryboardFile = Main;
				INFOPLIST_KEY_UISupportedInterfaceOrientations_iPad = "UIInterfaceOrientationPortrait UIInterfaceOrientationPortraitUpsideDown UIInterfaceOrientationLandscapeLeft UIInterfaceOrientationLandscapeRight";
				INFOPLIST_KEY_UISupportedInterfaceOrientations_iPhone = "UIInterfaceOrientationPortrait UIInterfaceOrientationLandscapeLeft UIInterfaceOrientationLandscapeRight";
				LD_RUNPATH_SEARCH_PATHS = (
					"$(inherited)",
					"@executable_path/Frameworks",
				);
				MARKETING_VERSION = 1.0;
				PRODUCT_BUNDLE_IDENTIFIER = com.kando.PinFlexLayoutExample;
				PRODUCT_NAME = "$(TARGET_NAME)";
				SWIFT_EMIT_LOC_STRINGS = YES;
				SWIFT_VERSION = 5.0;
				TARGETED_DEVICE_FAMILY = "1,2";
			};
			name = Debug;
		};
		36A07D8C2C3F96BD00EC4B31 /* Release */ = {
			isa = XCBuildConfiguration;
			buildSettings = {
				ASSETCATALOG_COMPILER_APPICON_NAME = AppIcon;
				ASSETCATALOG_COMPILER_GLOBAL_ACCENT_COLOR_NAME = AccentColor;
				CODE_SIGN_STYLE = Automatic;
				CURRENT_PROJECT_VERSION = 1;
				DEVELOPMENT_TEAM = L8AX56G69N;
				GENERATE_INFOPLIST_FILE = YES;
				INFOPLIST_FILE = PinFlexLayoutExample/Info.plist;
				INFOPLIST_KEY_UIApplicationSupportsIndirectInputEvents = YES;
				INFOPLIST_KEY_UILaunchStoryboardName = LaunchScreen;
				INFOPLIST_KEY_UIMainStoryboardFile = Main;
				INFOPLIST_KEY_UISupportedInterfaceOrientations_iPad = "UIInterfaceOrientationPortrait UIInterfaceOrientationPortraitUpsideDown UIInterfaceOrientationLandscapeLeft UIInterfaceOrientationLandscapeRight";
				INFOPLIST_KEY_UISupportedInterfaceOrientations_iPhone = "UIInterfaceOrientationPortrait UIInterfaceOrientationLandscapeLeft UIInterfaceOrientationLandscapeRight";
				LD_RUNPATH_SEARCH_PATHS = (
					"$(inherited)",
					"@executable_path/Frameworks",
				);
				MARKETING_VERSION = 1.0;
				PRODUCT_BUNDLE_IDENTIFIER = com.kando.PinFlexLayoutExample;
				PRODUCT_NAME = "$(TARGET_NAME)";
				SWIFT_EMIT_LOC_STRINGS = YES;
				SWIFT_VERSION = 5.0;
				TARGETED_DEVICE_FAMILY = "1,2";
			};
			name = Release;
		};
		36A07D8E2C3F96BD00EC4B31 /* Debug */ = {
			isa = XCBuildConfiguration;
			buildSettings = {
				ALWAYS_EMBED_SWIFT_STANDARD_LIBRARIES = YES;
				BUNDLE_LOADER = "$(TEST_HOST)";
				CODE_SIGN_STYLE = Automatic;
				CURRENT_PROJECT_VERSION = 1;
				DEVELOPMENT_TEAM = L8AX56G69N;
				GENERATE_INFOPLIST_FILE = YES;
				IPHONEOS_DEPLOYMENT_TARGET = 17.4;
				MARKETING_VERSION = 1.0;
				PRODUCT_BUNDLE_IDENTIFIER = com.kando.PinFlexLayoutExampleTests;
				PRODUCT_NAME = "$(TARGET_NAME)";
				SWIFT_EMIT_LOC_STRINGS = NO;
				SWIFT_VERSION = 5.0;
				TARGETED_DEVICE_FAMILY = "1,2";
				TEST_HOST = "$(BUILT_PRODUCTS_DIR)/PinFlexLayoutExample.app/$(BUNDLE_EXECUTABLE_FOLDER_PATH)/PinFlexLayoutExample";
			};
			name = Debug;
		};
		36A07D8F2C3F96BD00EC4B31 /* Release */ = {
			isa = XCBuildConfiguration;
			buildSettings = {
				ALWAYS_EMBED_SWIFT_STANDARD_LIBRARIES = YES;
				BUNDLE_LOADER = "$(TEST_HOST)";
				CODE_SIGN_STYLE = Automatic;
				CURRENT_PROJECT_VERSION = 1;
				DEVELOPMENT_TEAM = L8AX56G69N;
				GENERATE_INFOPLIST_FILE = YES;
				IPHONEOS_DEPLOYMENT_TARGET = 17.4;
				MARKETING_VERSION = 1.0;
				PRODUCT_BUNDLE_IDENTIFIER = com.kando.PinFlexLayoutExampleTests;
				PRODUCT_NAME = "$(TARGET_NAME)";
				SWIFT_EMIT_LOC_STRINGS = NO;
				SWIFT_VERSION = 5.0;
				TARGETED_DEVICE_FAMILY = "1,2";
				TEST_HOST = "$(BUILT_PRODUCTS_DIR)/PinFlexLayoutExample.app/$(BUNDLE_EXECUTABLE_FOLDER_PATH)/PinFlexLayoutExample";
			};
			name = Release;
		};
		36A07D912C3F96BD00EC4B31 /* Debug */ = {
			isa = XCBuildConfiguration;
			buildSettings = {
				ALWAYS_EMBED_SWIFT_STANDARD_LIBRARIES = YES;
				CODE_SIGN_STYLE = Automatic;
				CURRENT_PROJECT_VERSION = 1;
				DEVELOPMENT_TEAM = L8AX56G69N;
				GENERATE_INFOPLIST_FILE = YES;
				MARKETING_VERSION = 1.0;
				PRODUCT_BUNDLE_IDENTIFIER = com.kando.PinFlexLayoutExampleUITests;
				PRODUCT_NAME = "$(TARGET_NAME)";
				SWIFT_EMIT_LOC_STRINGS = NO;
				SWIFT_VERSION = 5.0;
				TARGETED_DEVICE_FAMILY = "1,2";
				TEST_TARGET_NAME = PinFlexLayoutExample;
			};
			name = Debug;
		};
		36A07D922C3F96BD00EC4B31 /* Release */ = {
			isa = XCBuildConfiguration;
			buildSettings = {
				ALWAYS_EMBED_SWIFT_STANDARD_LIBRARIES = YES;
				CODE_SIGN_STYLE = Automatic;
				CURRENT_PROJECT_VERSION = 1;
				DEVELOPMENT_TEAM = L8AX56G69N;
				GENERATE_INFOPLIST_FILE = YES;
				MARKETING_VERSION = 1.0;
				PRODUCT_BUNDLE_IDENTIFIER = com.kando.PinFlexLayoutExampleUITests;
				PRODUCT_NAME = "$(TARGET_NAME)";
				SWIFT_EMIT_LOC_STRINGS = NO;
				SWIFT_VERSION = 5.0;
				TARGETED_DEVICE_FAMILY = "1,2";
				TEST_TARGET_NAME = PinFlexLayoutExample;
			};
			name = Release;
		};
/* End XCBuildConfiguration section */

/* Begin XCConfigurationList section */
		36A07D5B2C3F96B900EC4B31 /* Build configuration list for PBXProject "PinFlexLayoutExample" */ = {
			isa = XCConfigurationList;
			buildConfigurations = (
				36A07D882C3F96BD00EC4B31 /* Debug */,
				36A07D892C3F96BD00EC4B31 /* Release */,
			);
			defaultConfigurationIsVisible = 0;
			defaultConfigurationName = Release;
		};
		36A07D8A2C3F96BD00EC4B31 /* Build configuration list for PBXNativeTarget "PinFlexLayoutExample" */ = {
			isa = XCConfigurationList;
			buildConfigurations = (
				36A07D8B2C3F96BD00EC4B31 /* Debug */,
				36A07D8C2C3F96BD00EC4B31 /* Release */,
			);
			defaultConfigurationIsVisible = 0;
			defaultConfigurationName = Release;
		};
		36A07D8D2C3F96BD00EC4B31 /* Build configuration list for PBXNativeTarget "PinFlexLayoutExampleTests" */ = {
			isa = XCConfigurationList;
			buildConfigurations = (
				36A07D8E2C3F96BD00EC4B31 /* Debug */,
				36A07D8F2C3F96BD00EC4B31 /* Release */,
			);
			defaultConfigurationIsVisible = 0;
			defaultConfigurationName = Release;
		};
		36A07D902C3F96BD00EC4B31 /* Build configuration list for PBXNativeTarget "PinFlexLayoutExampleUITests" */ = {
			isa = XCConfigurationList;
			buildConfigurations = (
				36A07D912C3F96BD00EC4B31 /* Debug */,
				36A07D922C3F96BD00EC4B31 /* Release */,
			);
			defaultConfigurationIsVisible = 0;
			defaultConfigurationName = Release;
		};
/* End XCConfigurationList section */
	};
	rootObject = 36A07D582C3F96B900EC4B31 /* Project object */;
}
